
Microsoft Visual Studio Solution File, Format Version 12.00
# Visual Studio 2012
Project("{8BC9CEB8-8B4A-11D0-8D11-00A0C91BC942}") = "WinKeys", "WinKeys\WinKeys.vcxproj", "{124A600E-B01F-4AA3-9983-4A854BE04AFD}"
EndProject
Global
	GlobalSection(SolutionConfigurationPlatforms) = preSolution
		Debug|Win32 = Debug|Win32
		Release|Win32 = Release|Win32
	EndGlobalSection
	GlobalSection(ProjectConfigurationPlatforms) = postSolution
		{124A600E-B01F-4AA3-9983-4A854BE04AFD}.Debug|Win32.ActiveCfg = Debug|Win32
		{124A600E-B01F-4AA3-9983-4A854BE04AFD}.Debug|Win32.Build.0 = Debug|Win32
		{124A600E-B01F-4AA3-9983-4A854BE04AFD}.Release|Win32.ActiveCfg = Release|Win32
		{124A600E-B01F-4AA3-9983-4A854BE04AFD}.Release|Win32.Build.0 = Release|Win32
	EndGlobalSection
	GlobalSection(SolutionProperties) = preSolution
		HideSolutionNode = FALSE
	EndGlobalSection
EndGlobal
